// !$*UTF8*$!
{
	archiveVersion = 1;
	classes = {
	};
	objectVersion = 56;
	objects = {

/* Begin PBXBuildFile section */
		CEBFA4B02AE465D300A280ED /* AppDelegate.swift in Sources */ = {isa = PBXBuildFile; fileRef = CEBFA4AF2AE465D300A280ED /* AppDelegate.swift */; };
		CEBFA4B22AE465D300A280ED /* SceneDelegate.swift in Sources */ = {isa = PBXBuildFile; fileRef = CEBFA4B12AE465D300A280ED /* SceneDelegate.swift */; };
		CEBFA4B42AE465D300A280ED /* ViewController.swift in Sources */ = {isa = PBXBuildFile; fileRef = CEBFA4B32AE465D300A280ED /* ViewController.swift */; };
		CEBFA4B72AE465D300A280ED /* Main.storyboard in Resources */ = {isa = PBXBuildFile; fileRef = CEBFA4B52AE465D300A280ED /* Main.storyboard */; };
		CEBFA4BC2AE465D500A280ED /* LaunchScreen.storyboard in Resources */ = {isa = PBXBuildFile; fileRef = CEBFA4BA2AE465D500A280ED /* LaunchScreen.storyboard */; };
		CEBFA4C72AE465D500A280ED /* niceGameTests.swift in Sources */ = {isa = PBXBuildFile; fileRef = CEBFA4C62AE465D500A280ED /* niceGameTests.swift */; };
		CEBFA4D12AE465D500A280ED /* niceGameUITests.swift in Sources */ = {isa = PBXBuildFile; fileRef = CEBFA4D02AE465D500A280ED /* niceGameUITests.swift */; };
		CEBFA4D32AE465D500A280ED /* niceGameUITestsLaunchTests.swift in Sources */ = {isa = PBXBuildFile; fileRef = CEBFA4D22AE465D500A280ED /* niceGameUITestsLaunchTests.swift */; };
		CEBFA4E02AE4665000A280ED /* Assets.xcassets in Resources */ = {isa = PBXBuildFile; fileRef = CEBFA4DF2AE4665000A280ED /* Assets.xcassets */; };
/* End PBXBuildFile section */

/* Begin PBXContainerItemProxy section */
		CEBFA4C32AE465D500A280ED /* PBXContainerItemProxy */ = {
			isa = PBXContainerItemProxy;
			containerPortal = CEBFA4A42AE465D300A280ED /* Project object */;
			proxyType = 1;
			remoteGlobalIDString = CEBFA4AB2AE465D300A280ED;
			remoteInfo = niceGame;
		};
		CEBFA4CD2AE465D500A280ED /* PBXContainerItemProxy */ = {
			isa = PBXContainerItemProxy;
			containerPortal = CEBFA4A42AE465D300A280ED /* Project object */;
			proxyType = 1;
			remoteGlobalIDString = CEBFA4AB2AE465D300A280ED;
			remoteInfo = niceGame;
		};
/* End PBXContainerItemProxy section */

/* Begin PBXFileReference section */
		CEBFA4AC2AE465D300A280ED /* niceGame.app */ = {isa = PBXFileReference; explicitFileType = wrapper.application; includeInIndex = 0; path = niceGame.app; sourceTree = BUILT_PRODUCTS_DIR; };
		CEBFA4AF2AE465D300A280ED /* AppDelegate.swift */ = {isa = PBXFileReference; lastKnownFileType = sourcecode.swift; path = AppDelegate.swift; sourceTree = "<group>"; };
		CEBFA4B12AE465D300A280ED /* SceneDelegate.swift */ = {isa = PBXFileReference; lastKnownFileType = sourcecode.swift; path = SceneDelegate.swift; sourceTree = "<group>"; };
		CEBFA4B32AE465D300A280ED /* ViewController.swift */ = {isa = PBXFileReference; lastKnownFileType = sourcecode.swift; path = ViewController.swift; sourceTree = "<group>"; };
		CEBFA4B62AE465D300A280ED /* Base */ = {isa = PBXFileReference; lastKnownFileType = file.storyboard; name = Base; path = Base.lproj/Main.storyboard; sourceTree = "<group>"; };
		CEBFA4BB2AE465D500A280ED /* Base */ = {isa = PBXFileReference; lastKnownFileType = file.storyboard; name = Base; path = Base.lproj/LaunchScreen.storyboard; sourceTree = "<group>"; };
		CEBFA4BD2AE465D500A280ED /* Info.plist */ = {isa = PBXFileReference; lastKnownFileType = text.plist.xml; path = Info.plist; sourceTree = "<group>"; };
		CEBFA4C22AE465D500A280ED /* niceGameTests.xctest */ = {isa = PBXFileReference; explicitFileType = wrapper.cfbundle; includeInIndex = 0; path = niceGameTests.xctest; sourceTree = BUILT_PRODUCTS_DIR; };
		CEBFA4C62AE465D500A280ED /* niceGameTests.swift */ = {isa = PBXFileReference; lastKnownFileType = sourcecode.swift; path = niceGameTests.swift; sourceTree = "<group>"; };
		CEBFA4CC2AE465D500A280ED /* niceGameUITests.xctest */ = {isa = PBXFileReference; explicitFileType = wrapper.cfbundle; includeInIndex = 0; path = niceGameUITests.xctest; sourceTree = BUILT_PRODUCTS_DIR; };
		CEBFA4D02AE465D500A280ED /* niceGameUITests.swift */ = {isa = PBXFileReference; lastKnownFileType = sourcecode.swift; path = niceGameUITests.swift; sourceTree = "<group>"; };
		CEBFA4D22AE465D500A280ED /* niceGameUITestsLaunchTests.swift */ = {isa = PBXFileReference; lastKnownFileType = sourcecode.swift; path = niceGameUITestsLaunchTests.swift; sourceTree = "<group>"; };
		CEBFA4DF2AE4665000A280ED /* Assets.xcassets */ = {isa = PBXFileReference; lastKnownFileType = folder.assetcatalog; name = Assets.xcassets; path = ../Assets.xcassets; sourceTree = "<group>"; };
/* End PBXFileReference section */

/* Begin PBXFrameworksBuildPhase section */
		CEBFA4A92AE465D300A280ED /* Frameworks */ = {
			isa = PBXFrameworksBuildPhase;
			buildActionMask = 2147483647;
			files = (
			);
			runOnlyForDeploymentPostprocessing = 0;
		};
		CEBFA4BF2AE465D500A280ED /* Frameworks */ = {
			isa = PBXFrameworksBuildPhase;
			buildActionMask = 2147483647;
			files = (
			);
			runOnlyForDeploymentPostprocessing = 0;
		};
		CEBFA4C92AE465D500A280ED /* Frameworks */ = {
			isa = PBXFrameworksBuildPhase;
			buildActionMask = 2147483647;
			files = (
			);
			runOnlyForDeploymentPostprocessing = 0;
		};
/* End PBXFrameworksBuildPhase section */

/* Begin PBXGroup section */
		CEBFA4A32AE465D300A280ED = {
			isa = PBXGroup;
			children = (
				CEBFA4AE2AE465D300A280ED /* niceGame */,
				CEBFA4C52AE465D500A280ED /* niceGameTests */,
				CEBFA4CF2AE465D500A280ED /* niceGameUITests */,
				CEBFA4AD2AE465D300A280ED /* Products */,
			);
			sourceTree = "<group>";
		};
		CEBFA4AD2AE465D300A280ED /* Products */ = {
			isa = PBXGroup;
			children = (
				CEBFA4AC2AE465D300A280ED /* niceGame.app */,
				CEBFA4C22AE465D500A280ED /* niceGameTests.xctest */,
				CEBFA4CC2AE465D500A280ED /* niceGameUITests.xctest */,
			);
			name = Products;
			sourceTree = "<group>";
		};
		CEBFA4AE2AE465D300A280ED /* niceGame */ = {
			isa = PBXGroup;
			children = (
				CEBFA4AF2AE465D300A280ED /* AppDelegate.swift */,
				CEBFA4B12AE465D300A280ED /* SceneDelegate.swift */,
				CEBFA4B32AE465D300A280ED /* ViewController.swift */,
				CEBFA4B52AE465D300A280ED /* Main.storyboard */,
				CEBFA4BA2AE465D500A280ED /* LaunchScreen.storyboard */,
				CEBFA4BD2AE465D500A280ED /* Info.plist */,
				CEBFA4DF2AE4665000A280ED /* Assets.xcassets */,
			);
			path = niceGame;
			sourceTree = "<group>";
		};
		CEBFA4C52AE465D500A280ED /* niceGameTests */ = {
			isa = PBXGroup;
			children = (
				CEBFA4C62AE465D500A280ED /* niceGameTests.swift */,
			);
			path = niceGameTests;
			sourceTree = "<group>";
		};
		CEBFA4CF2AE465D500A280ED /* niceGameUITests */ = {
			isa = PBXGroup;
			children = (
				CEBFA4D02AE465D500A280ED /* niceGameUITests.swift */,
				CEBFA4D22AE465D500A280ED /* niceGameUITestsLaunchTests.swift */,
			);
			path = niceGameUITests;
			sourceTree = "<group>";
		};
/* End PBXGroup section */

/* Begin PBXNativeTarget section */
		CEBFA4AB2AE465D300A280ED /* niceGame */ = {
			isa = PBXNativeTarget;
			buildConfigurationList = CEBFA4D62AE465D500A280ED /* Build configuration list for PBXNativeTarget "niceGame" */;
			buildPhases = (
				CEBFA4A82AE465D300A280ED /* Sources */,
				CEBFA4A92AE465D300A280ED /* Frameworks */,
				CEBFA4AA2AE465D300A280ED /* Resources */,
			);
			buildRules = (
			);
			dependencies = (
			);
			name = niceGame;
			productName = niceGame;
			productReference = CEBFA4AC2AE465D300A280ED /* niceGame.app */;
			productType = "com.apple.product-type.application";
		};
		CEBFA4C12AE465D500A280ED /* niceGameTests */ = {
			isa = PBXNativeTarget;
			buildConfigurationList = CEBFA4D92AE465D500A280ED /* Build configuration list for PBXNativeTarget "niceGameTests" */;
			buildPhases = (
				CEBFA4BE2AE465D500A280ED /* Sources */,
				CEBFA4BF2AE465D500A280ED /* Frameworks */,
				CEBFA4C02AE465D500A280ED /* Resources */,
			);
			buildRules = (
			);
			dependencies = (
				CEBFA4C42AE465D500A280ED /* PBXTargetDependency */,
			);
			name = niceGameTests;
			productName = niceGameTests;
			productReference = CEBFA4C22AE465D500A280ED /* niceGameTests.xctest */;
			productType = "com.apple.product-type.bundle.unit-test";
		};
		CEBFA4CB2AE465D500A280ED /* niceGameUITests */ = {
			isa = PBXNativeTarget;
			buildConfigurationList = CEBFA4DC2AE465D500A280ED /* Build configuration list for PBXNativeTarget "niceGameUITests" */;
			buildPhases = (
				CEBFA4C82AE465D500A280ED /* Sources */,
				CEBFA4C92AE465D500A280ED /* Frameworks */,
				CEBFA4CA2AE465D500A280ED /* Resources */,
			);
			buildRules = (
			);
			dependencies = (
				CEBFA4CE2AE465D500A280ED /* PBXTargetDependency */,
			);
			name = niceGameUITests;
			productName = niceGameUITests;
			productReference = CEBFA4CC2AE465D500A280ED /* niceGameUITests.xctest */;
			productType = "com.apple.product-type.bundle.ui-testing";
		};
/* End PBXNativeTarget section */

/* Begin PBXProject section */
		CEBFA4A42AE465D300A280ED /* Project object */ = {
			isa = PBXProject;
			attributes = {
				BuildIndependentTargetsInParallel = 1;
				LastSwiftUpdateCheck = 1500;
				LastUpgradeCheck = 1500;
				TargetAttributes = {
					CEBFA4AB2AE465D300A280ED = {
						CreatedOnToolsVersion = 15.0;
					};
					CEBFA4C12AE465D500A280ED = {
						CreatedOnToolsVersion = 15.0;
						TestTargetID = CEBFA4AB2AE465D300A280ED;
					};
					CEBFA4CB2AE465D500A280ED = {
						CreatedOnToolsVersion = 15.0;
						TestTargetID = CEBFA4AB2AE465D300A280ED;
					};
				};
			};
			buildConfigurationList = CEBFA4A72AE465D300A280ED /* Build configuration list for PBXProject "niceGame" */;
			compatibilityVersion = "Xcode 14.0";
			developmentRegion = en;
			hasScannedForEncodings = 0;
			knownRegions = (
				en,
				Base,
			);
			mainGroup = CEBFA4A32AE465D300A280ED;
			productRefGroup = CEBFA4AD2AE465D300A280ED /* Products */;
			projectDirPath = "";
			projectRoot = "";
			targets = (
				CEBFA4AB2AE465D300A280ED /* niceGame */,
				CEBFA4C12AE465D500A280ED /* niceGameTests */,
				CEBFA4CB2AE465D500A280ED /* niceGameUITests */,
			);
		};
/* End PBXProject section */

/* Begin PBXResourcesBuildPhase section */
		CEBFA4AA2AE465D300A280ED /* Resources */ = {
			isa = PBXResourcesBuildPhase;
			buildActionMask = 2147483647;
			files = (
				CEBFA4BC2AE465D500A280ED /* LaunchScreen.storyboard in Resources */,
				CEBFA4E02AE4665000A280ED /* Assets.xcassets in Resources */,
				CEBFA4B72AE465D300A280ED /* Main.storyboard in Resources */,
			);
			runOnlyForDeploymentPostprocessing = 0;
		};
		CEBFA4C02AE465D500A280ED /* Resources */ = {
			isa = PBXResourcesBuildPhase;
			buildActionMask = 2147483647;
			files = (
			);
			runOnlyForDeploymentPostprocessing = 0;
		};
		CEBFA4CA2AE465D500A280ED /* Resources */ = {
			isa = PBXResourcesBuildPhase;
			buildActionMask = 2147483647;
			files = (
			);
			runOnlyForDeploymentPostprocessing = 0;
		};
/* End PBXResourcesBuildPhase section */

/* Begin PBXSourcesBuildPhase section */
		CEBFA4A82AE465D300A280ED /* Sources */ = {
			isa = PBXSourcesBuildPhase;
			buildActionMask = 2147483647;
			files = (
				CEBFA4B42AE465D300A280ED /* ViewController.swift in Sources */,
				CEBFA4B02AE465D300A280ED /* AppDelegate.swift in Sources */,
				CEBFA4B22AE465D300A280ED /* SceneDelegate.swift in Sources */,
			);
			runOnlyForDeploymentPostprocessing = 0;
		};
		CEBFA4BE2AE465D500A280ED /* Sources */ = {
			isa = PBXSourcesBuildPhase;
			buildActionMask = 2147483647;
			files = (
				CEBFA4C72AE465D500A280ED /* niceGameTests.swift in Sources */,
			);
			runOnlyForDeploymentPostprocessing = 0;
		};
		CEBFA4C82AE465D500A280ED /* Sources */ = {
			isa = PBXSourcesBuildPhase;
			buildActionMask = 2147483647;
			files = (
				CEBFA4D32AE465D500A280ED /* niceGameUITestsLaunchTests.swift in Sources */,
				CEBFA4D12AE465D500A280ED /* niceGameUITests.swift in Sources */,
			);
			runOnlyForDeploymentPostprocessing = 0;
		};
/* End PBXSourcesBuildPhase section */

/* Begin PBXTargetDependency section */
		CEBFA4C42AE465D500A280ED /* PBXTargetDependency */ = {
			isa = PBXTargetDependency;
			target = CEBFA4AB2AE465D300A280ED /* niceGame */;
			targetProxy = CEBFA4C32AE465D500A280ED /* PBXContainerItemProxy */;
		};
		CEBFA4CE2AE465D500A280ED /* PBXTargetDependency */ = {
			isa = PBXTargetDependency;
			target = CEBFA4AB2AE465D300A280ED /* niceGame */;
			targetProxy = CEBFA4CD2AE465D500A280ED /* PBXContainerItemProxy */;
		};
/* End PBXTargetDependency section */

/* Begin PBXVariantGroup section */
		CEBFA4B52AE465D300A280ED /* Main.storyboard */ = {
			isa = PBXVariantGroup;
			children = (
				CEBFA4B62AE465D300A280ED /* Base */,
			);
			name = Main.storyboard;
			sourceTree = "<group>";
		};
		CEBFA4BA2AE465D500A280ED /* LaunchScreen.storyboard */ = {
			isa = PBXVariantGroup;
			children = (
				CEBFA4BB2AE465D500A280ED /* Base */,
			);
			name = LaunchScreen.storyboard;
			sourceTree = "<group>";
		};
/* End PBXVariantGroup section */

/* Begin XCBuildConfiguration section */
		CEBFA4D42AE465D500A280ED /* Debug */ = {
			isa = XCBuildConfiguration;
			buildSettings = {
				ALWAYS_SEARCH_USER_PATHS = NO;
				ASSETCATALOG_COMPILER_GENERATE_SWIFT_ASSET_SYMBOL_EXTENSIONS = YES;
				CLANG_ANALYZER_NONNULL = YES;
				CLANG_ANALYZER_NUMBER_OBJECT_CONVERSION = YES_AGGRESSIVE;
				CLANG_CXX_LANGUAGE_STANDARD = "gnu++20";
				CLANG_ENABLE_MODULES = YES;
				CLANG_ENABLE_OBJC_ARC = YES;
				CLANG_ENABLE_OBJC_WEAK = YES;
				CLANG_WARN_BLOCK_CAPTURE_AUTORELEASING = YES;
				CLANG_WARN_BOOL_CONVERSION = YES;
				CLANG_WARN_COMMA = YES;
				CLANG_WARN_CONSTANT_CONVERSION = YES;
				CLANG_WARN_DEPRECATED_OBJC_IMPLEMENTATIONS = YES;
				CLANG_WARN_DIRECT_OBJC_ISA_USAGE = YES_ERROR;
				CLANG_WARN_DOCUMENTATION_COMMENTS = YES;
				CLANG_WARN_EMPTY_BODY = YES;
				CLANG_WARN_ENUM_CONVERSION = YES;
				CLANG_WARN_INFINITE_RECURSION = YES;
				CLANG_WARN_INT_CONVERSION = YES;
				CLANG_WARN_NON_LITERAL_NULL_CONVERSION = YES;
				CLANG_WARN_OBJC_IMPLICIT_RETAIN_SELF = YES;
				CLANG_WARN_OBJC_LITERAL_CONVERSION = YES;
				CLANG_WARN_OBJC_ROOT_CLASS = YES_ERROR;
				CLANG_WARN_QUOTED_INCLUDE_IN_FRAMEWORK_HEADER = YES;
				CLANG_WARN_RANGE_LOOP_ANALYSIS = YES;
				CLANG_WARN_STRICT_PROTOTYPES = YES;
				CLANG_WARN_SUSPICIOUS_MOVE = YES;
				CLANG_WARN_UNGUARDED_AVAILABILITY = YES_AGGRESSIVE;
				CLANG_WARN_UNREACHABLE_CODE = YES;
				CLANG_WARN__DUPLICATE_METHOD_MATCH = YES;
				COPY_PHASE_STRIP = NO;
				DEBUG_INFORMATION_FORMAT = dwarf;
				ENABLE_STRICT_OBJC_MSGSEND = YES;
				ENABLE_TESTABILITY = YES;
				ENABLE_USER_SCRIPT_SANDBOXING = YES;
				GCC_C_LANGUAGE_STANDARD = gnu17;
				GCC_DYNAMIC_NO_PIC = NO;
				GCC_NO_COMMON_BLOCKS = YES;
				GCC_OPTIMIZATION_LEVEL = 0;
				GCC_PREPROCESSOR_DEFINITIONS = (
					"DEBUG=1",
					"$(inherited)",
				);
				GCC_WARN_64_TO_32_BIT_CONVERSION = YES;
				GCC_WARN_ABOUT_RETURN_TYPE = YES_ERROR;
				GCC_WARN_UNDECLARED_SELECTOR = YES;
				GCC_WARN_UNINITIALIZED_AUTOS = YES_AGGRESSIVE;
				GCC_WARN_UNUSED_FUNCTION = YES;
				GCC_WARN_UNUSED_VARIABLE = YES;
				IPHONEOS_DEPLOYMENT_TARGET = 17.0;
				LOCALIZATION_PREFERS_STRING_CATALOGS = YES;
				MTL_ENABLE_DEBUG_INFO = INCLUDE_SOURCE;
				MTL_FAST_MATH = YES;
				ONLY_ACTIVE_ARCH = YES;
				SDKROOT = iphoneos;
				SWIFT_ACTIVE_COMPILATION_CONDITIONS = "DEBUG $(inherited)";
				SWIFT_OPTIMIZATION_LEVEL = "-Onone";
			};
			name = Debug;
		};
		CEBFA4D52AE465D500A280ED /* Release */ = {
			isa = XCBuildConfiguration;
			buildSettings = {
				ALWAYS_SEARCH_USER_PATHS = NO;
				ASSETCATALOG_COMPILER_GENERATE_SWIFT_ASSET_SYMBOL_EXTENSIONS = YES;
				CLANG_ANALYZER_NONNULL = YES;
				CLANG_ANALYZER_NUMBER_OBJECT_CONVERSION = YES_AGGRESSIVE;
				CLANG_CXX_LANGUAGE_STANDARD = "gnu++20";
				CLANG_ENABLE_MODULES = YES;
				CLANG_ENABLE_OBJC_ARC = YES;
				CLANG_ENABLE_OBJC_WEAK = YES;
				CLANG_WARN_BLOCK_CAPTURE_AUTORELEASING = YES;
				CLANG_WARN_BOOL_CONVERSION = YES;
				CLANG_WARN_COMMA = YES;
				CLANG_WARN_CONSTANT_CONVERSION = YES;
				CLANG_WARN_DEPRECATED_OBJC_IMPLEMENTATIONS = YES;
				CLANG_WARN_DIRECT_OBJC_ISA_USAGE = YES_ERROR;
				CLANG_WARN_DOCUMENTATION_COMMENTS = YES;
				CLANG_WARN_EMPTY_BODY = YES;
				CLANG_WARN_ENUM_CONVERSION = YES;
				CLANG_WARN_INFINITE_RECURSION = YES;
				CLANG_WARN_INT_CONVERSION = YES;
				CLANG_WARN_NON_LITERAL_NULL_CONVERSION = YES;
				CLANG_WARN_OBJC_IMPLICIT_RETAIN_SELF = YES;
				CLANG_WARN_OBJC_LITERAL_CONVERSION = YES;
				CLANG_WARN_OBJC_ROOT_CLASS = YES_ERROR;
				CLANG_WARN_QUOTED_INCLUDE_IN_FRAMEWORK_HEADER = YES;
				CLANG_WARN_RANGE_LOOP_ANALYSIS = YES;
				CLANG_WARN_STRICT_PROTOTYPES = YES;
				CLANG_WARN_SUSPICIOUS_MOVE = YES;
				CLANG_WARN_UNGUARDED_AVAILABILITY = YES_AGGRESSIVE;
				CLANG_WARN_UNREACHABLE_CODE = YES;
				CLANG_WARN__DUPLICATE_METHOD_MATCH = YES;
				COPY_PHASE_STRIP = NO;
				DEBUG_INFORMATION_FORMAT = "dwarf-with-dsym";
				ENABLE_NS_ASSERTIONS = NO;
				ENABLE_STRICT_OBJC_MSGSEND = YES;
				ENABLE_USER_SCRIPT_SANDBOXING = YES;
				GCC_C_LANGUAGE_STANDARD = gnu17;
				GCC_NO_COMMON_BLOCKS = YES;
				GCC_WARN_64_TO_32_BIT_CONVERSION = YES;
				GCC_WARN_ABOUT_RETURN_TYPE = YES_ERROR;
				GCC_WARN_UNDECLARED_SELECTOR = YES;
				GCC_WARN_UNINITIALIZED_AUTOS = YES_AGGRESSIVE;
				GCC_WARN_UNUSED_FUNCTION = YES;
				GCC_WARN_UNUSED_VARIABLE = YES;
				IPHONEOS_DEPLOYMENT_TARGET = 17.0;
				LOCALIZATION_PREFERS_STRING_CATALOGS = YES;
				MTL_ENABLE_DEBUG_INFO = NO;
				MTL_FAST_MATH = YES;
				SDKROOT = iphoneos;
				SWIFT_COMPILATION_MODE = wholemodule;
				VALIDATE_PRODUCT = YES;
			};
			name = Release;
		};
		CEBFA4D72AE465D500A280ED /* Debug */ = {
			isa = XCBuildConfiguration;
			buildSettings = {
				ASSETCATALOG_COMPILER_APPICON_NAME = AppIcon;
				ASSETCATALOG_COMPILER_GLOBAL_ACCENT_COLOR_NAME = AccentColor;
				CODE_SIGN_STYLE = Automatic;
				CURRENT_PROJECT_VERSION = 1;
				DEVELOPMENT_TEAM = K66YM7AV4V;
				GENERATE_INFOPLIST_FILE = YES;
				INFOPLIST_FILE = niceGame/Info.plist;
				INFOPLIST_KEY_UIApplicationSupportsIndirectInputEvents = YES;
				INFOPLIST_KEY_UILaunchStoryboardName = LaunchScreen;
				INFOPLIST_KEY_UIMainStoryboardFile = Main;
				INFOPLIST_KEY_UISupportedInterfaceOrientations_iPad = "UIInterfaceOrientationPortrait UIInterfaceOrientationPortraitUpsideDown UIInterfaceOrientationLandscapeLeft UIInterfaceOrientationLandscapeRight";
				INFOPLIST_KEY_UISupportedInterfaceOrientations_iPhone = "UIInterfaceOrientationPortrait UIInterfaceOrientationLandscapeLeft UIInterfaceOrientationLandscapeRight";
				LD_RUNPATH_SEARCH_PATHS = (
					"$(inherited)",
					"@executable_path/Frameworks",
				);
				MARKETING_VERSION = 1.0;
				PRODUCT_BUNDLE_IDENTIFIER = niceGame.niceGame;
				PRODUCT_NAME = "$(TARGET_NAME)";
				SWIFT_EMIT_LOC_STRINGS = YES;
				SWIFT_VERSION = 5.0;
				TARGETED_DEVICE_FAMILY = "1,2";
			};
			name = Debug;
		};
		CEBFA4D82AE465D500A280ED /* Release */ = {
			isa = XCBuildConfiguration;
			buildSettings = {
				ASSETCATALOG_COMPILER_APPICON_NAME = AppIcon;
				ASSETCATALOG_COMPILER_GLOBAL_ACCENT_COLOR_NAME = AccentColor;
				CODE_SIGN_STYLE = Automatic;
				CURRENT_PROJECT_VERSION = 1;
				DEVELOPMENT_TEAM = K66YM7AV4V;
				GENERATE_INFOPLIST_FILE = YES;
				INFOPLIST_FILE = niceGame/Info.plist;
				INFOPLIST_KEY_UIApplicationSupportsIndirectInputEvents = YES;
				INFOPLIST_KEY_UILaunchStoryboardName = LaunchScreen;
				INFOPLIST_KEY_UIMainStoryboardFile = Main;
				INFOPLIST_KEY_UISupportedInterfaceOrientations_iPad = "UIInterfaceOrientationPortrait UIInterfaceOrientationPortraitUpsideDown UIInterfaceOrientationLandscapeLeft UIInterfaceOrientationLandscapeRight";
				INFOPLIST_KEY_UISupportedInterfaceOrientations_iPhone = "UIInterfaceOrientationPortrait UIInterfaceOrientationLandscapeLeft UIInterfaceOrientationLandscapeRight";
				LD_RUNPATH_SEARCH_PATHS = (
					"$(inherited)",
					"@executable_path/Frameworks",
				);
				MARKETING_VERSION = 1.0;
				PRODUCT_BUNDLE_IDENTIFIER = niceGame.niceGame;
				PRODUCT_NAME = "$(TARGET_NAME)";
				SWIFT_EMIT_LOC_STRINGS = YES;
				SWIFT_VERSION = 5.0;
				TARGETED_DEVICE_FAMILY = "1,2";
			};
			name = Release;
		};
		CEBFA4DA2AE465D500A280ED /* Debug */ = {
			isa = XCBuildConfiguration;
			buildSettings = {
				ALWAYS_EMBED_SWIFT_STANDARD_LIBRARIES = YES;
				BUNDLE_LOADER = "$(TEST_HOST)";
				CODE_SIGN_STYLE = Automatic;
				CURRENT_PROJECT_VERSION = 1;
				DEVELOPMENT_TEAM = K66YM7AV4V;
				GENERATE_INFOPLIST_FILE = YES;
				IPHONEOS_DEPLOYMENT_TARGET = 17.0;
				MARKETING_VERSION = 1.0;
				PRODUCT_BUNDLE_IDENTIFIER = niceGame.niceGameTests;
				PRODUCT_NAME = "$(TARGET_NAME)";
				SWIFT_EMIT_LOC_STRINGS = NO;
				SWIFT_VERSION = 5.0;
				TARGETED_DEVICE_FAMILY = "1,2";
				TEST_HOST = "$(BUILT_PRODUCTS_DIR)/niceGame.app/$(BUNDLE_EXECUTABLE_FOLDER_PATH)/niceGame";
			};
			name = Debug;
		};
		CEBFA4DB2AE465D500A280ED /* Release */ = {
			isa = XCBuildConfiguration;
			buildSettings = {
				ALWAYS_EMBED_SWIFT_STANDARD_LIBRARIES = YES;
				BUNDLE_LOADER = "$(TEST_HOST)";
				CODE_SIGN_STYLE = Automatic;
				CURRENT_PROJECT_VERSION = 1;
				DEVELOPMENT_TEAM = K66YM7AV4V;
				GENERATE_INFOPLIST_FILE = YES;
				IPHONEOS_DEPLOYMENT_TARGET = 17.0;
				MARKETING_VERSION = 1.0;
				PRODUCT_BUNDLE_IDENTIFIER = niceGame.niceGameTests;
				PRODUCT_NAME = "$(TARGET_NAME)";
				SWIFT_EMIT_LOC_STRINGS = NO;
				SWIFT_VERSION = 5.0;
				TARGETED_DEVICE_FAMILY = "1,2";
				TEST_HOST = "$(BUILT_PRODUCTS_DIR)/niceGame.app/$(BUNDLE_EXECUTABLE_FOLDER_PATH)/niceGame";
			};
			name = Release;
		};
		CEBFA4DD2AE465D500A280ED /* Debug */ = {
			isa = XCBuildConfiguration;
			buildSettings = {
				ALWAYS_EMBED_SWIFT_STANDARD_LIBRARIES = YES;
				CODE_SIGN_STYLE = Automatic;
				CURRENT_PROJECT_VERSION = 1;
				DEVELOPMENT_TEAM = K66YM7AV4V;
				GENERATE_INFOPLIST_FILE = YES;
				MARKETING_VERSION = 1.0;
				PRODUCT_BUNDLE_IDENTIFIER = niceGame.niceGameUITests;
				PRODUCT_NAME = "$(TARGET_NAME)";
				SWIFT_EMIT_LOC_STRINGS = NO;
				SWIFT_VERSION = 5.0;
				TARGETED_DEVICE_FAMILY = "1,2";
				TEST_TARGET_NAME = niceGame;
			};
			name = Debug;
		};
		CEBFA4DE2AE465D500A280ED /* Release */ = {
			isa = XCBuildConfiguration;
			buildSettings = {
				ALWAYS_EMBED_SWIFT_STANDARD_LIBRARIES = YES;
				CODE_SIGN_STYLE = Automatic;
				CURRENT_PROJECT_VERSION = 1;
				DEVELOPMENT_TEAM = K66YM7AV4V;
				GENERATE_INFOPLIST_FILE = YES;
				MARKETING_VERSION = 1.0;
				PRODUCT_BUNDLE_IDENTIFIER = niceGame.niceGameUITests;
				PRODUCT_NAME = "$(TARGET_NAME)";
				SWIFT_EMIT_LOC_STRINGS = NO;
				SWIFT_VERSION = 5.0;
				TARGETED_DEVICE_FAMILY = "1,2";
				TEST_TARGET_NAME = niceGame;
			};
			name = Release;
		};
/* End XCBuildConfiguration section */

/* Begin XCConfigurationList section */
		CEBFA4A72AE465D300A280ED /* Build configuration list for PBXProject "niceGame" */ = {
			isa = XCConfigurationList;
			buildConfigurations = (
				CEBFA4D42AE465D500A280ED /* Debug */,
				CEBFA4D52AE465D500A280ED /* Release */,
			);
			defaultConfigurationIsVisible = 0;
			defaultConfigurationName = Release;
		};
		CEBFA4D62AE465D500A280ED /* Build configuration list for PBXNativeTarget "niceGame" */ = {
			isa = XCConfigurationList;
			buildConfigurations = (
				CEBFA4D72AE465D500A280ED /* Debug */,
				CEBFA4D82AE465D500A280ED /* Release */,
			);
			defaultConfigurationIsVisible = 0;
			defaultConfigurationName = Release;
		};
		CEBFA4D92AE465D500A280ED /* Build configuration list for PBXNativeTarget "niceGameTests" */ = {
			isa = XCConfigurationList;
			buildConfigurations = (
				CEBFA4DA2AE465D500A280ED /* Debug */,
				CEBFA4DB2AE465D500A280ED /* Release */,
			);
			defaultConfigurationIsVisible = 0;
			defaultConfigurationName = Release;
		};
		CEBFA4DC2AE465D500A280ED /* Build configuration list for PBXNativeTarget "niceGameUITests" */ = {
			isa = XCConfigurationList;
			buildConfigurations = (
				CEBFA4DD2AE465D500A280ED /* Debug */,
				CEBFA4DE2AE465D500A280ED /* Release */,
			);
			defaultConfigurationIsVisible = 0;
			defaultConfigurationName = Release;
		};
/* End XCConfigurationList section */
	};
	rootObject = CEBFA4A42AE465D300A280ED /* Project object */;
}
